// !$*UTF8*$!
{
	archiveVersion = 1;
	classes = {
	};
	objectVersion = 46;
	objects = {

/* Begin PBXBuildFile section */
		6E8F08971AFD1EB200F2770A /* main.m in Sources */ = {isa = PBXBuildFile; fileRef = 6E8F08961AFD1EB200F2770A /* main.m */; };
		6E8F089A1AFD1EB200F2770A /* AppDelegate.m in Sources */ = {isa = PBXBuildFile; fileRef = 6E8F08991AFD1EB200F2770A /* AppDelegate.m */; };
		6E8F089D1AFD1EB200F2770A /* ViewController.m in Sources */ = {isa = PBXBuildFile; fileRef = 6E8F089C1AFD1EB200F2770A /* ViewController.m */; };
		6E8F08A01AFD1EB200F2770A /* Main.storyboard in Resources */ = {isa = PBXBuildFile; fileRef = 6E8F089E1AFD1EB200F2770A /* Main.storyboard */; };
		6E8F08A21AFD1EB200F2770A /* Images.xcassets in Resources */ = {isa = PBXBuildFile; fileRef = 6E8F08A11AFD1EB200F2770A /* Images.xcassets */; };
		6E8F08A51AFD1EB200F2770A /* LaunchScreen.xib in Resources */ = {isa = PBXBuildFile; fileRef = 6E8F08A31AFD1EB200F2770A /* LaunchScreen.xib */; };
		6E8F08B11AFD1EB200F2770A /* cinesMobileTests.m in Sources */ = {isa = PBXBuildFile; fileRef = 6E8F08B01AFD1EB200F2770A /* cinesMobileTests.m */; };
		6E8F08BC1AFD1EC800F2770A /* ECMFormatter.m in Sources */ = {isa = PBXBuildFile; fileRef = 6E8F08BB1AFD1EC800F2770A /* ECMFormatter.m */; };
/* End PBXBuildFile section */

/* Begin PBXContainerItemProxy section */
		6E8F08AB1AFD1EB200F2770A /* PBXContainerItemProxy */ = {
			isa = PBXContainerItemProxy;
			containerPortal = 6E8F08891AFD1EB200F2770A /* Project object */;
			proxyType = 1;
			remoteGlobalIDString = 6E8F08901AFD1EB200F2770A;
			remoteInfo = cinesMobile;
		};
/* End PBXContainerItemProxy section */

/* Begin PBXFileReference section */
		6E8F08911AFD1EB200F2770A /* cinesMobile.app */ = {isa = PBXFileReference; explicitFileType = wrapper.application; includeInIndex = 0; path = cinesMobile.app; sourceTree = BUILT_PRODUCTS_DIR; };
		6E8F08951AFD1EB200F2770A /* Info.plist */ = {isa = PBXFileReference; lastKnownFileType = text.plist.xml; path = Info.plist; sourceTree = "<group>"; };
		6E8F08961AFD1EB200F2770A /* main.m */ = {isa = PBXFileReference; lastKnownFileType = sourcecode.c.objc; path = main.m; sourceTree = "<group>"; };
		6E8F08981AFD1EB200F2770A /* AppDelegate.h */ = {isa = PBXFileReference; lastKnownFileType = sourcecode.c.h; path = AppDelegate.h; sourceTree = "<group>"; };
		6E8F08991AFD1EB200F2770A /* AppDelegate.m */ = {isa = PBXFileReference; lastKnownFileType = sourcecode.c.objc; path = AppDelegate.m; sourceTree = "<group>"; };
		6E8F089B1AFD1EB200F2770A /* ViewController.h */ = {isa = PBXFileReference; lastKnownFileType = sourcecode.c.h; path = ViewController.h; sourceTree = "<group>"; };
		6E8F089C1AFD1EB200F2770A /* ViewController.m */ = {isa = PBXFileReference; lastKnownFileType = sourcecode.c.objc; path = ViewController.m; sourceTree = "<group>"; };
		6E8F089F1AFD1EB200F2770A /* Base */ = {isa = PBXFileReference; lastKnownFileType = file.storyboard; name = Base; path = Base.lproj/Main.storyboard; sourceTree = "<group>"; };
		6E8F08A11AFD1EB200F2770A /* Images.xcassets */ = {isa = PBXFileReference; lastKnownFileType = folder.assetcatalog; path = Images.xcassets; sourceTree = "<group>"; };
		6E8F08A41AFD1EB200F2770A /* Base */ = {isa = PBXFileReference; lastKnownFileType = file.xib; name = Base; path = Base.lproj/LaunchScreen.xib; sourceTree = "<group>"; };
		6E8F08AA1AFD1EB200F2770A /* cinesMobileTests.xctest */ = {isa = PBXFileReference; explicitFileType = wrapper.cfbundle; includeInIndex = 0; path = cinesMobileTests.xctest; sourceTree = BUILT_PRODUCTS_DIR; };
		6E8F08AF1AFD1EB200F2770A /* Info.plist */ = {isa = PBXFileReference; lastKnownFileType = text.plist.xml; path = Info.plist; sourceTree = "<group>"; };
		6E8F08B01AFD1EB200F2770A /* cinesMobileTests.m */ = {isa = PBXFileReference; lastKnownFileType = sourcecode.c.objc; path = cinesMobileTests.m; sourceTree = "<group>"; };
		6E8F08BA1AFD1EC800F2770A /* ECMFormatter.h */ = {isa = PBXFileReference; fileEncoding = 4; lastKnownFileType = sourcecode.c.h; path = ECMFormatter.h; sourceTree = "<group>"; };
		6E8F08BB1AFD1EC800F2770A /* ECMFormatter.m */ = {isa = PBXFileReference; fileEncoding = 4; lastKnownFileType = sourcecode.c.objc; path = ECMFormatter.m; sourceTree = "<group>"; };
/* End PBXFileReference section */

/* Begin PBXFrameworksBuildPhase section */
		6E8F088E1AFD1EB200F2770A /* Frameworks */ = {
			isa = PBXFrameworksBuildPhase;
			buildActionMask = 2147483647;
			files = (
			);
			runOnlyForDeploymentPostprocessing = 0;
		};
		6E8F08A71AFD1EB200F2770A /* Frameworks */ = {
			isa = PBXFrameworksBuildPhase;
			buildActionMask = 2147483647;
			files = (
			);
			runOnlyForDeploymentPostprocessing = 0;
		};
/* End PBXFrameworksBuildPhase section */

/* Begin PBXGroup section */
		6E8F08881AFD1EB200F2770A = {
			isa = PBXGroup;
			children = (
				6E8F08931AFD1EB200F2770A /* cinesMobile */,
				6E8F08AD1AFD1EB200F2770A /* cinesMobileTests */,
				6E8F08921AFD1EB200F2770A /* Products */,
			);
			sourceTree = "<group>";
		};
		6E8F08921AFD1EB200F2770A /* Products */ = {
			isa = PBXGroup;
			children = (
				6E8F08911AFD1EB200F2770A /* cinesMobile.app */,
				6E8F08AA1AFD1EB200F2770A /* cinesMobileTests.xctest */,
			);
			name = Products;
			sourceTree = "<group>";
		};
		6E8F08931AFD1EB200F2770A /* cinesMobile */ = {
			isa = PBXGroup;
			children = (
				6E8F08981AFD1EB200F2770A /* AppDelegate.h */,
				6E8F08991AFD1EB200F2770A /* AppDelegate.m */,
				6E8F089B1AFD1EB200F2770A /* ViewController.h */,
				6E8F089C1AFD1EB200F2770A /* ViewController.m */,
				6E8F089E1AFD1EB200F2770A /* Main.storyboard */,
				6E8F08A11AFD1EB200F2770A /* Images.xcassets */,
				6E8F08A31AFD1EB200F2770A /* LaunchScreen.xib */,
				6E8F08941AFD1EB200F2770A /* Supporting Files */,
				6E8F08BA1AFD1EC800F2770A /* ECMFormatter.h */,
				6E8F08BB1AFD1EC800F2770A /* ECMFormatter.m */,
			);
			path = cinesMobile;
			sourceTree = "<group>";
		};
		6E8F08941AFD1EB200F2770A /* Supporting Files */ = {
			isa = PBXGroup;
			children = (
				6E8F08951AFD1EB200F2770A /* Info.plist */,
				6E8F08961AFD1EB200F2770A /* main.m */,
			);
			name = "Supporting Files";
			sourceTree = "<group>";
		};
		6E8F08AD1AFD1EB200F2770A /* cinesMobileTests */ = {
			isa = PBXGroup;
			children = (
				6E8F08B01AFD1EB200F2770A /* cinesMobileTests.m */,
				6E8F08AE1AFD1EB200F2770A /* Supporting Files */,
			);
			path = cinesMobileTests;
			sourceTree = "<group>";
		};
		6E8F08AE1AFD1EB200F2770A /* Supporting Files */ = {
			isa = PBXGroup;
			children = (
				6E8F08AF1AFD1EB200F2770A /* Info.plist */,
			);
			name = "Supporting Files";
			sourceTree = "<group>";
		};
/* End PBXGroup section */

/* Begin PBXNativeTarget section */
		6E8F08901AFD1EB200F2770A /* cinesMobile */ = {
			isa = PBXNativeTarget;
			buildConfigurationList = 6E8F08B41AFD1EB200F2770A /* Build configuration list for PBXNativeTarget "cinesMobile" */;
			buildPhases = (
				6E8F088D1AFD1EB200F2770A /* Sources */,
				6E8F088E1AFD1EB200F2770A /* Frameworks */,
				6E8F088F1AFD1EB200F2770A /* Resources */,
			);
			buildRules = (
			);
			dependencies = (
			);
			name = cinesMobile;
			productName = cinesMobile;
			productReference = 6E8F08911AFD1EB200F2770A /* cinesMobile.app */;
			productType = "com.apple.product-type.application";
		};
		6E8F08A91AFD1EB200F2770A /* cinesMobileTests */ = {
			isa = PBXNativeTarget;
			buildConfigurationList = 6E8F08B71AFD1EB200F2770A /* Build configuration list for PBXNativeTarget "cinesMobileTests" */;
			buildPhases = (
				6E8F08A61AFD1EB200F2770A /* Sources */,
				6E8F08A71AFD1EB200F2770A /* Frameworks */,
				6E8F08A81AFD1EB200F2770A /* Resources */,
			);
			buildRules = (
			);
			dependencies = (
				6E8F08AC1AFD1EB200F2770A /* PBXTargetDependency */,
			);
			name = cinesMobileTests;
			productName = cinesMobileTests;
			productReference = 6E8F08AA1AFD1EB200F2770A /* cinesMobileTests.xctest */;
			productType = "com.apple.product-type.bundle.unit-test";
		};
/* End PBXNativeTarget section */

/* Begin PBXProject section */
		6E8F08891AFD1EB200F2770A /* Project object */ = {
			isa = PBXProject;
			attributes = {
				LastUpgradeCheck = 0630;
				ORGANIZATIONNAME = "Pablo Bendersky";
				TargetAttributes = {
					6E8F08901AFD1EB200F2770A = {
						CreatedOnToolsVersion = 6.3.1;
					};
					6E8F08A91AFD1EB200F2770A = {
						CreatedOnToolsVersion = 6.3.1;
						TestTargetID = 6E8F08901AFD1EB200F2770A;
					};
				};
			};
			buildConfigurationList = 6E8F088C1AFD1EB200F2770A /* Build configuration list for PBXProject "cinesMobile" */;
			compatibilityVersion = "Xcode 3.2";
			developmentRegion = English;
			hasScannedForEncodings = 0;
			knownRegions = (
				en,
				Base,
			);
			mainGroup = 6E8F08881AFD1EB200F2770A;
			productRefGroup = 6E8F08921AFD1EB200F2770A /* Products */;
			projectDirPath = "";
			projectRoot = "";
			targets = (
				6E8F08901AFD1EB200F2770A /* cinesMobile */,
				6E8F08A91AFD1EB200F2770A /* cinesMobileTests */,
			);
		};
/* End PBXProject section */

/* Begin PBXResourcesBuildPhase section */
		6E8F088F1AFD1EB200F2770A /* Resources */ = {
			isa = PBXResourcesBuildPhase;
			buildActionMask = 2147483647;
			files = (
				6E8F08A01AFD1EB200F2770A /* Main.storyboard in Resources */,
				6E8F08A51AFD1EB200F2770A /* LaunchScreen.xib in Resources */,
				6E8F08A21AFD1EB200F2770A /* Images.xcassets in Resources */,
			);
			runOnlyForDeploymentPostprocessing = 0;
		};
		6E8F08A81AFD1EB200F2770A /* Resources */ = {
			isa = PBXResourcesBuildPhase;
			buildActionMask = 2147483647;
			files = (
			);
			runOnlyForDeploymentPostprocessing = 0;
		};
/* End PBXResourcesBuildPhase section */

/* Begin PBXSourcesBuildPhase section */
		6E8F088D1AFD1EB200F2770A /* Sources */ = {
			isa = PBXSourcesBuildPhase;
			buildActionMask = 2147483647;
			files = (
				6E8F089D1AFD1EB200F2770A /* ViewController.m in Sources */,
				6E8F089A1AFD1EB200F2770A /* AppDelegate.m in Sources */,
				6E8F08BC1AFD1EC800F2770A /* ECMFormatter.m in Sources */,
				6E8F08971AFD1EB200F2770A /* main.m in Sources */,
			);
			runOnlyForDeploymentPostprocessing = 0;
		};
		6E8F08A61AFD1EB200F2770A /* Sources */ = {
			isa = PBXSourcesBuildPhase;
			buildActionMask = 2147483647;
			files = (
				6E8F08B11AFD1EB200F2770A /* cinesMobileTests.m in Sources */,
			);
			runOnlyForDeploymentPostprocessing = 0;
		};
/* End PBXSourcesBuildPhase section */

/* Begin PBXTargetDependency section */
		6E8F08AC1AFD1EB200F2770A /* PBXTargetDependency */ = {
			isa = PBXTargetDependency;
			target = 6E8F08901AFD1EB200F2770A /* cinesMobile */;
			targetProxy = 6E8F08AB1AFD1EB200F2770A /* PBXContainerItemProxy */;
		};
/* End PBXTargetDependency section */

/* Begin PBXVariantGroup section */
		6E8F089E1AFD1EB200F2770A /* Main.storyboard */ = {
			isa = PBXVariantGroup;
			children = (
				6E8F089F1AFD1EB200F2770A /* Base */,
			);
			name = Main.storyboard;
			sourceTree = "<group>";
		};
		6E8F08A31AFD1EB200F2770A /* LaunchScreen.xib */ = {
			isa = PBXVariantGroup;
			children = (
				6E8F08A41AFD1EB200F2770A /* Base */,
			);
			name = LaunchScreen.xib;
			sourceTree = "<group>";
		};
/* End PBXVariantGroup section */

/* Begin XCBuildConfiguration section */
		6E8F08B21AFD1EB200F2770A /* Debug */ = {
			isa = XCBuildConfiguration;
			buildSettings = {
				ALWAYS_SEARCH_USER_PATHS = NO;
				CLANG_CXX_LANGUAGE_STANDARD = "gnu++0x";
				CLANG_CXX_LIBRARY = "libc++";
				CLANG_ENABLE_MODULES = YES;
				CLANG_ENABLE_OBJC_ARC = YES;
				CLANG_WARN_BOOL_CONVERSION = YES;
				CLANG_WARN_CONSTANT_CONVERSION = YES;
				CLANG_WARN_DIRECT_OBJC_ISA_USAGE = YES_ERROR;
				CLANG_WARN_EMPTY_BODY = YES;
				CLANG_WARN_ENUM_CONVERSION = YES;
				CLANG_WARN_INT_CONVERSION = YES;
				CLANG_WARN_OBJC_ROOT_CLASS = YES_ERROR;
				CLANG_WARN_UNREACHABLE_CODE = YES;
				CLANG_WARN__DUPLICATE_METHOD_MATCH = YES;
				"CODE_SIGN_IDENTITY[sdk=iphoneos*]" = "iPhone Developer";
				COPY_PHASE_STRIP = NO;
				DEBUG_INFORMATION_FORMAT = "dwarf-with-dsym";
				ENABLE_STRICT_OBJC_MSGSEND = YES;
				GCC_C_LANGUAGE_STANDARD = gnu99;
				GCC_DYNAMIC_NO_PIC = NO;
				GCC_NO_COMMON_BLOCKS = YES;
				GCC_OPTIMIZATION_LEVEL = 0;
				GCC_PREPROCESSOR_DEFINITIONS = (
					"DEBUG=1",
					"$(inherited)",
				);
				GCC_SYMBOLS_PRIVATE_EXTERN = NO;
				GCC_WARN_64_TO_32_BIT_CONVERSION = YES;
				GCC_WARN_ABOUT_RETURN_TYPE = YES_ERROR;
				GCC_WARN_UNDECLARED_SELECTOR = YES;
				GCC_WARN_UNINITIALIZED_AUTOS = YES_AGGRESSIVE;
				GCC_WARN_UNUSED_FUNCTION = YES;
				GCC_WARN_UNUSED_VARIABLE = YES;
				IPHONEOS_DEPLOYMENT_TARGET = 8.3;
				MTL_ENABLE_DEBUG_INFO = YES;
				ONLY_ACTIVE_ARCH = YES;
				SDKROOT = iphoneos;
			};
			name = Debug;
		};
		6E8F08B31AFD1EB200F2770A /* Release */ = {
			isa = XCBuildConfiguration;
			buildSettings = {
				ALWAYS_SEARCH_USER_PATHS = NO;
				CLANG_CXX_LANGUAGE_STANDARD = "gnu++0x";
				CLANG_CXX_LIBRARY = "libc++";
				CLANG_ENABLE_MODULES = YES;
				CLANG_ENABLE_OBJC_ARC = YES;
				CLANG_WARN_BOOL_CONVERSION = YES;
				CLANG_WARN_CONSTANT_CONVERSION = YES;
				CLANG_WARN_DIRECT_OBJC_ISA_USAGE = YES_ERROR;
				CLANG_WARN_EMPTY_BODY = YES;
				CLANG_WARN_ENUM_CONVERSION = YES;
				CLANG_WARN_INT_CONVERSION = YES;
				CLANG_WARN_OBJC_ROOT_CLASS = YES_ERROR;
				CLANG_WARN_UNREACHABLE_CODE = YES;
				CLANG_WARN__DUPLICATE_METHOD_MATCH = YES;
				"CODE_SIGN_IDENTITY[sdk=iphoneos*]" = "iPhone Developer";
				COPY_PHASE_STRIP = NO;
				DEBUG_INFORMATION_FORMAT = "dwarf-with-dsym";
				ENABLE_NS_ASSERTIONS = NO;
				ENABLE_STRICT_OBJC_MSGSEND = YES;
				GCC_C_LANGUAGE_STANDARD = gnu99;
				GCC_NO_COMMON_BLOCKS = YES;
				GCC_WARN_64_TO_32_BIT_CONVERSION = YES;
				GCC_WARN_ABOUT_RETURN_TYPE = YES_ERROR;
				GCC_WARN_UNDECLARED_SELECTOR = YES;
				GCC_WARN_UNINITIALIZED_AUTOS = YES_AGGRESSIVE;
				GCC_WARN_UNUSED_FUNCTION = YES;
				GCC_WARN_UNUSED_VARIABLE = YES;
				IPHONEOS_DEPLOYMENT_TARGET = 8.3;
				MTL_ENABLE_DEBUG_INFO = NO;
				SDKROOT = iphoneos;
				VALIDATE_PRODUCT = YES;
			};
			name = Release;
		};
		6E8F08B51AFD1EB200F2770A /* Debug */ = {
			isa = XCBuildConfiguration;
			buildSettings = {
				ASSETCATALOG_COMPILER_APPICON_NAME = AppIcon;
				GCC_GENERATE_TEST_COVERAGE_FILES = YES;
				GCC_INSTRUMENT_PROGRAM_FLOW_ARCS = YES;
				INFOPLIST_FILE = cinesMobile/Info.plist;
				LD_RUNPATH_SEARCH_PATHS = "$(inherited) @executable_path/Frameworks";
				PRODUCT_NAME = "$(TARGET_NAME)";
			};
			name = Debug;
		};
		6E8F08B61AFD1EB200F2770A /* Release */ = {
			isa = XCBuildConfiguration;
			buildSettings = {
				ASSETCATALOG_COMPILER_APPICON_NAME = AppIcon;
				INFOPLIST_FILE = cinesMobile/Info.plist;
				LD_RUNPATH_SEARCH_PATHS = "$(inherited) @executable_path/Frameworks";
				PRODUCT_NAME = "$(TARGET_NAME)";
			};
			name = Release;
		};
		6E8F08B81AFD1EB200F2770A /* Debug */ = {
			isa = XCBuildConfiguration;
			buildSettings = {
				BUNDLE_LOADER = "$(TEST_HOST)";
				FRAMEWORK_SEARCH_PATHS = (
					"$(SDKROOT)/Developer/Library/Frameworks",
					"$(inherited)",
				);
				GCC_GENERATE_TEST_COVERAGE_FILES = YES;
				GCC_INSTRUMENT_PROGRAM_FLOW_ARCS = YES;
				GCC_PREPROCESSOR_DEFINITIONS = (
					"DEBUG=1",
					"$(inherited)",
				);
				INFOPLIST_FILE = cinesMobileTests/Info.plist;
				LD_RUNPATH_SEARCH_PATHS = "$(inherited) @executable_path/Frameworks @loader_path/Frameworks";
				PRODUCT_NAME = "$(TARGET_NAME)";
				TEST_HOST = "$(BUILT_PRODUCTS_DIR)/cinesMobile.app/cinesMobile";
			};
			name = Debug;
		};
		6E8F08B91AFD1EB200F2770A /* Release */ = {
			isa = XCBuildConfiguration;
			buildSettings = {
				BUNDLE_LOADER = "$(TEST_HOST)";
				FRAMEWORK_SEARCH_PATHS = (
					"$(SDKROOT)/Developer/Library/Frameworks",
					"$(inherited)",
				);
				INFOPLIST_FILE = cinesMobileTests/Info.plist;
				LD_RUNPATH_SEARCH_PATHS = "$(inherited) @executable_path/Frameworks @loader_path/Frameworks";
				PRODUCT_NAME = "$(TARGET_NAME)";
				TEST_HOST = "$(BUILT_PRODUCTS_DIR)/cinesMobile.app/cinesMobile";
			};
			name = Release;
		};
/* End XCBuildConfiguration section */

/* Begin XCConfigurationList section */
		6E8F088C1AFD1EB200F2770A /* Build configuration list for PBXProject "cinesMobile" */ = {
			isa = XCConfigurationList;
			buildConfigurations = (
				6E8F08B21AFD1EB200F2770A /* Debug */,
				6E8F08B31AFD1EB200F2770A /* Release */,
			);
			defaultConfigurationIsVisible = 0;
			defaultConfigurationName = Release;
		};
		6E8F08B41AFD1EB200F2770A /* Build configuration list for PBXNativeTarget "cinesMobile" */ = {
			isa = XCConfigurationList;
			buildConfigurations = (
				6E8F08B51AFD1EB200F2770A /* Debug */,
				6E8F08B61AFD1EB200F2770A /* Release */,
			);
			defaultConfigurationIsVisible = 0;
			defaultConfigurationName = Release;
		};
		6E8F08B71AFD1EB200F2770A /* Build configuration list for PBXNativeTarget "cinesMobileTests" */ = {
			isa = XCConfigurationList;
			buildConfigurations = (
				6E8F08B81AFD1EB200F2770A /* Debug */,
				6E8F08B91AFD1EB200F2770A /* Release */,
			);
			defaultConfigurationIsVisible = 0;
			defaultConfigurationName = Release;
		};
/* End XCConfigurationList section */
	};
	rootObject = 6E8F08891AFD1EB200F2770A /* Project object */;
}
